
Microsoft Visual Studio Solution File, Format Version 12.00
# Visual Studio Version 17
VisualStudioVersion = 17.3.32804.467
MinimumVisualStudioVersion = 10.0.40219.1
Project("{FAE04EC0-301F-11D3-BF4B-00C04F79EFBC}") = "Comm_HW_Client", "Comm_HW_Client.csproj", "{81F39CAB-7CE2-4303-9331-B6C62188BE64}"
EndProject
Global
	GlobalSection(SolutionConfigurationPlatforms) = preSolution
		Debug|Any CPU = Debug|Any CPU
		Release|Any CPU = Release|Any CPU
	EndGlobalSection
	GlobalSection(ProjectConfigurationPlatforms) = postSolution
		{81F39CAB-7CE2-4303-9331-B6C62188BE64}.Debug|Any CPU.ActiveCfg = Debug|Any CPU
		{81F39CAB-7CE2-4303-9331-B6C62188BE64}.Debug|Any CPU.Build.0 = Debug|Any CPU
		{81F39CAB-7CE2-4303-9331-B6C62188BE64}.Release|Any CPU.ActiveCfg = Release|Any CPU
		{81F39CAB-7CE2-4303-9331-B6C62188BE64}.Release|Any CPU.Build.0 = Release|Any CPU
	EndGlobalSection
	GlobalSection(SolutionProperties) = preSolution
		HideSolutionNode = FALSE
	EndGlobalSection
	GlobalSection(ExtensibilityGlobals) = postSolution
		SolutionGuid = {50EAB2D6-CFA7-4B57-B938-ED7C0F290EDA}
	EndGlobalSection
EndGlobal
